
Microsoft Visual Studio Solution File, Format Version 12.00
# Visual Studio Version 16
VisualStudioVersion = 16.0.29613.14
MinimumVisualStudioVersion = 10.0.40219.1
Project("{FAE04EC0-301F-11D3-BF4B-00C04F79EFBC}") = "MVVMHookupDemo", "MVVMHookupDemo\MVVMHookupDemo.csproj", "{831157A3-4D7D-4F5E-BFF4-EDDAA4A1CDD1}"
EndProject
Project("{FAE04EC0-301F-11D3-BF4B-00C04F79EFBC}") = "Zza.Data", "Zza.Data\Zza.Data.csproj", "{0B7114E1-1536-409B-8614-1FFB82AAD94F}"
EndProject
Global
	GlobalSection(SolutionConfigurationPlatforms) = preSolution
		Debug|Any CPU = Debug|Any CPU
		Release|Any CPU = Release|Any CPU
	EndGlobalSection
	GlobalSection(ProjectConfigurationPlatforms) = postSolution
		{831157A3-4D7D-4F5E-BFF4-EDDAA4A1CDD1}.Debug|Any CPU.ActiveCfg = Debug|Any CPU
		{831157A3-4D7D-4F5E-BFF4-EDDAA4A1CDD1}.Debug|Any CPU.Build.0 = Debug|Any CPU
		{831157A3-4D7D-4F5E-BFF4-EDDAA4A1CDD1}.Release|Any CPU.ActiveCfg = Release|Any CPU
		{831157A3-4D7D-4F5E-BFF4-EDDAA4A1CDD1}.Release|Any CPU.Build.0 = Release|Any CPU
		{0B7114E1-1536-409B-8614-1FFB82AAD94F}.Debug|Any CPU.ActiveCfg = Debug|Any CPU
		{0B7114E1-1536-409B-8614-1FFB82AAD94F}.Debug|Any CPU.Build.0 = Debug|Any CPU
		{0B7114E1-1536-409B-8614-1FFB82AAD94F}.Release|Any CPU.ActiveCfg = Release|Any CPU
		{0B7114E1-1536-409B-8614-1FFB82AAD94F}.Release|Any CPU.Build.0 = Release|Any CPU
	EndGlobalSection
	GlobalSection(SolutionProperties) = preSolution
		HideSolutionNode = FALSE
	EndGlobalSection
	GlobalSection(ExtensibilityGlobals) = postSolution
		SolutionGuid = {2F85CFA4-9948-4A1C-91AD-80DC494A2A01}
	EndGlobalSection
EndGlobal
